
Microsoft Visual Studio Solution File, Format Version 12.00
# Visual Studio 2012
Project("{FAE04EC0-301F-11D3-BF4B-00C04F79EFBC}") = "KinproService", "KinproService\KinproService.csproj", "{15B3E0D2-6217-493A-A690-158C497F5318}"
EndProject
Project("{FAE04EC0-301F-11D3-BF4B-00C04F79EFBC}") = "KinproPressingApplication", "..\KinproPressingApplication\KinproPressingApplication\KinproPressingApplication.csproj", "{39DA7284-5808-41BD-A21C-EC0550A0DE1F}"
	ProjectSection(ProjectDependencies) = postProject
		{15B3E0D2-6217-493A-A690-158C497F5318} = {15B3E0D2-6217-493A-A690-158C497F5318}
	EndProjectSection
EndProject
Global
	GlobalSection(SolutionConfigurationPlatforms) = preSolution
		Debug|Any CPU = Debug|Any CPU
		Debug|ARM = Debug|ARM
		Debug|x64 = Debug|x64
		Debug|x86 = Debug|x86
		Release|Any CPU = Release|Any CPU
		Release|ARM = Release|ARM
		Release|x64 = Release|x64
		Release|x86 = Release|x86
	EndGlobalSection
	GlobalSection(ProjectConfigurationPlatforms) = postSolution
		{15B3E0D2-6217-493A-A690-158C497F5318}.Debug|Any CPU.ActiveCfg = Debug|Any CPU
		{15B3E0D2-6217-493A-A690-158C497F5318}.Debug|Any CPU.Build.0 = Debug|Any CPU
		{15B3E0D2-6217-493A-A690-158C497F5318}.Debug|ARM.ActiveCfg = Debug|Any CPU
		{15B3E0D2-6217-493A-A690-158C497F5318}.Debug|x64.ActiveCfg = Debug|Any CPU
		{15B3E0D2-6217-493A-A690-158C497F5318}.Debug|x86.ActiveCfg = Debug|Any CPU
		{15B3E0D2-6217-493A-A690-158C497F5318}.Release|Any CPU.ActiveCfg = Release|Any CPU
		{15B3E0D2-6217-493A-A690-158C497F5318}.Release|Any CPU.Build.0 = Release|Any CPU
		{15B3E0D2-6217-493A-A690-158C497F5318}.Release|ARM.ActiveCfg = Release|Any CPU
		{15B3E0D2-6217-493A-A690-158C497F5318}.Release|x64.ActiveCfg = Release|Any CPU
		{15B3E0D2-6217-493A-A690-158C497F5318}.Release|x86.ActiveCfg = Release|Any CPU
		{39DA7284-5808-41BD-A21C-EC0550A0DE1F}.Debug|Any CPU.ActiveCfg = Debug|Any CPU
		{39DA7284-5808-41BD-A21C-EC0550A0DE1F}.Debug|Any CPU.Build.0 = Debug|Any CPU
		{39DA7284-5808-41BD-A21C-EC0550A0DE1F}.Debug|ARM.ActiveCfg = Debug|Any CPU
		{39DA7284-5808-41BD-A21C-EC0550A0DE1F}.Debug|x64.ActiveCfg = Debug|Any CPU
		{39DA7284-5808-41BD-A21C-EC0550A0DE1F}.Debug|x86.ActiveCfg = Debug|Any CPU
		{39DA7284-5808-41BD-A21C-EC0550A0DE1F}.Release|Any CPU.ActiveCfg = Release|Any CPU
		{39DA7284-5808-41BD-A21C-EC0550A0DE1F}.Release|Any CPU.Build.0 = Release|Any CPU
		{39DA7284-5808-41BD-A21C-EC0550A0DE1F}.Release|ARM.ActiveCfg = Release|Any CPU
		{39DA7284-5808-41BD-A21C-EC0550A0DE1F}.Release|x64.ActiveCfg = Release|Any CPU
		{39DA7284-5808-41BD-A21C-EC0550A0DE1F}.Release|x86.ActiveCfg = Release|Any CPU
	EndGlobalSection
	GlobalSection(SolutionProperties) = preSolution
		HideSolutionNode = FALSE
	EndGlobalSection
EndGlobal
